{
  "version": 4,
  "terraform_version": "1.4.2",
  "serial": 12,
  "lineage": "0a5d888b-8d3d-941a-56c9-5f47bc14dca8",
  "outputs": {},
  "resources": [
    {
      "mode": "data",
      "type": "digitalocean_ssh_key",
      "name": "myssh",
      "provider": "provider[\"registry.terraform.io/digitalocean/digitalocean\"]",
      "instances": [
        {
          "schema_version": 0,
          "attributes": {
            "fingerprint": "0d:b9:65:4c:ce:c3:94:52:01:ba:3e:2f:33:66:7d:ce",
            "id": 37915956,
            "name": "myssh",
            "public_key": "ssh-rsa AAAAB3NzaC1yc2EAAAADAQABAAABgQDOduiIq+aIikr8LlV5NR3nANcB9G2Pw9u6LmcHTd+T9KVooCHhTmti/0wRH+ipl8mQEL1n4CoG6Zul1XZ6miU5OfZ+bFoSdER9fv3iVrMspKtioMfLx6KDB6L0STARlqUkIeRV+Nlu/2DV2qk4yu7MlQaKzkpd7qJlmSNUArOjGx1ocaeuuNqMIqGzGdL3L7a1T4mGsCOP78MkSIj2tRp26yHUieW/6HdIreiw5sWLYPmx2oJbHpn4tjzGr3VDjtSJc+UwdkULkQwkHi517fGocdSICGNX81+fi818F5VO1xVbxqGF40WAD6VxSufj8UYpP8aZYrb0kZTI7ZBybCOH8bDnysZsEqaInP5mGpZBANzxdJyaL82HtynKq2bIpImsO9M+XzVQw3pVOIWUknwu70O2oLgqRNJU4yAwKWgRqzlYqFZm7DgzA9TtROSxvOFnOsmHD0ry2DJWhDilfMxIWNYkVXdROx0rlUMgzJYPF3GZxh0s5+E2gAcgRL1mMBM= guest2@The-Mag-2.lan"
          },
          "sensitive_attributes": []
        }
      ]
    },
    {
      "mode": "managed",
      "type": "digitalocean_domain",
      "name": "default",
      "provider": "provider[\"registry.terraform.io/digitalocean/digitalocean\"]",
      "instances": [
        {
          "schema_version": 0,
          "attributes": {
            "id": "truscrow.com",
            "ip_address": "138.197.62.188",
            "name": "truscrow.com",
            "ttl": 1800,
            "urn": "do:domain:truscrow.com"
          },
          "sensitive_attributes": [],
          "private": "bnVsbA==",
          "dependencies": [
            "data.digitalocean_ssh_key.myssh",
            "digitalocean_droplet.www-1",
            "digitalocean_droplet.www-2",
            "digitalocean_loadbalancer.www-lb"
          ]
        }
      ]
    },
    {
      "mode": "managed",
      "type": "digitalocean_droplet",
      "name": "www-1",
      "provider": "provider[\"registry.terraform.io/digitalocean/digitalocean\"]",
      "instances": [
        {
          "schema_version": 1,
          "attributes": {
            "backups": false,
            "created_at": "2023-03-30T16:53:32Z",
            "disk": 25,
            "droplet_agent": null,
            "graceful_shutdown": false,
            "id": "348325064",
            "image": "ubuntu-20-04-x64",
            "ipv4_address": "167.99.120.27",
            "ipv4_address_private": "10.108.0.2",
            "ipv6": false,
            "ipv6_address": "",
            "locked": false,
            "memory": 1024,
            "monitoring": false,
            "name": "www-1",
            "price_hourly": 0.00893,
            "price_monthly": 6,
            "private_networking": true,
            "region": "nyc3",
            "resize_disk": true,
            "size": "s-1vcpu-1gb",
            "ssh_keys": [
              "37915956"
            ],
            "status": "active",
            "tags": [],
            "timeouts": null,
            "urn": "do:droplet:348325064",
            "user_data": null,
            "vcpus": 1,
            "volume_ids": [],
            "vpc_uuid": "9db81faf-9f98-4ca4-98cf-1c592ae02efc"
          },
          "sensitive_attributes": [],
          "private": "eyJlMmJmYjczMC1lY2FhLTExZTYtOGY4OC0zNDM2M2JjN2M0YzAiOnsiY3JlYXRlIjozNjAwMDAwMDAwMDAwLCJkZWxldGUiOjYwMDAwMDAwMDAwLCJ1cGRhdGUiOjM2MDAwMDAwMDAwMDB9LCJzY2hlbWFfdmVyc2lvbiI6IjEifQ==",
          "dependencies": [
            "data.digitalocean_ssh_key.myssh"
          ]
        }
      ]
    },
    {
      "mode": "managed",
      "type": "digitalocean_droplet",
      "name": "www-2",
      "provider": "provider[\"registry.terraform.io/digitalocean/digitalocean\"]",
      "instances": [
        {
          "schema_version": 1,
          "attributes": {
            "backups": false,
            "created_at": "2023-03-30T17:09:28Z",
            "disk": 25,
            "droplet_agent": null,
            "graceful_shutdown": false,
            "id": "348327105",
            "image": "ubuntu-20-04-x64",
            "ipv4_address": "104.131.163.105",
            "ipv4_address_private": "10.108.0.3",
            "ipv6": false,
            "ipv6_address": "",
            "locked": false,
            "memory": 1024,
            "monitoring": false,
            "name": "www-2",
            "price_hourly": 0.00893,
            "price_monthly": 6,
            "private_networking": true,
            "region": "nyc3",
            "resize_disk": true,
            "size": "s-1vcpu-1gb",
            "ssh_keys": [
              "37915956"
            ],
            "status": "active",
            "tags": [],
            "timeouts": null,
            "urn": "do:droplet:348327105",
            "user_data": null,
            "vcpus": 1,
            "volume_ids": [],
            "vpc_uuid": "9db81faf-9f98-4ca4-98cf-1c592ae02efc"
          },
          "sensitive_attributes": [],
          "private": "eyJlMmJmYjczMC1lY2FhLTExZTYtOGY4OC0zNDM2M2JjN2M0YzAiOnsiY3JlYXRlIjozNjAwMDAwMDAwMDAwLCJkZWxldGUiOjYwMDAwMDAwMDAwLCJ1cGRhdGUiOjM2MDAwMDAwMDAwMDB9LCJzY2hlbWFfdmVyc2lvbiI6IjEifQ==",
          "dependencies": [
            "data.digitalocean_ssh_key.myssh"
          ]
        }
      ]
    },
    {
      "mode": "managed",
      "type": "digitalocean_loadbalancer",
      "name": "www-lb",
      "provider": "provider[\"registry.terraform.io/digitalocean/digitalocean\"]",
      "instances": [
        {
          "schema_version": 1,
          "attributes": {
            "algorithm": "round_robin",
            "disable_lets_encrypt_dns_records": false,
            "droplet_ids": [
              348325064,
              348327105
            ],
            "droplet_tag": "",
            "enable_backend_keepalive": false,
            "enable_proxy_protocol": false,
            "firewall": [],
            "forwarding_rule": [
              {
                "certificate_id": "",
                "certificate_name": "",
                "entry_port": 80,
                "entry_protocol": "http",
                "target_port": 80,
                "target_protocol": "http",
                "tls_passthrough": false
              }
            ],
            "healthcheck": [
              {
                "check_interval_seconds": 10,
                "healthy_threshold": 5,
                "path": "",
                "port": 22,
                "protocol": "tcp",
                "response_timeout_seconds": 5,
                "unhealthy_threshold": 3
              }
            ],
            "http_idle_timeout_seconds": 60,
            "id": "e6274712-9e1b-4f75-8409-012516c712eb",
            "ip": "138.197.62.188",
            "name": "www-lb",
            "project_id": "78f89a97-2c41-42a1-b32c-b04657dc9630",
            "redirect_http_to_https": false,
            "region": "nyc3",
            "size": null,
            "size_unit": 1,
            "status": "active",
            "sticky_sessions": [
              {
                "cookie_name": "",
                "cookie_ttl_seconds": 0,
                "type": "none"
              }
            ],
            "urn": "do:loadbalancer:e6274712-9e1b-4f75-8409-012516c712eb",
            "vpc_uuid": "9db81faf-9f98-4ca4-98cf-1c592ae02efc"
          },
          "sensitive_attributes": [],
          "private": "eyJzY2hlbWFfdmVyc2lvbiI6IjEifQ==",
          "dependencies": [
            "data.digitalocean_ssh_key.myssh",
            "digitalocean_droplet.www-1",
            "digitalocean_droplet.www-2"
          ]
        }
      ]
    },
    {
      "mode": "managed",
      "type": "digitalocean_record",
      "name": "CNAME-www",
      "provider": "provider[\"registry.terraform.io/digitalocean/digitalocean\"]",
      "instances": [
        {
          "schema_version": 0,
          "attributes": {
            "domain": "truscrow.com",
            "flags": 0,
            "fqdn": "www.truscrow.com",
            "id": "368729034",
            "name": "www",
            "port": 0,
            "priority": 0,
            "tag": "",
            "ttl": 1800,
            "type": "CNAME",
            "value": "@",
            "weight": 0
          },
          "sensitive_attributes": [],
          "private": "bnVsbA==",
          "dependencies": [
            "data.digitalocean_ssh_key.myssh",
            "digitalocean_domain.default",
            "digitalocean_droplet.www-1",
            "digitalocean_droplet.www-2",
            "digitalocean_loadbalancer.www-lb"
          ]
        }
      ]
    }
  ],
  "check_results": null
}
